
Microsoft Visual Studio Solution File, Format Version 12.00
# Visual Studio Version 16
VisualStudioVersion = 16.0.30621.155
MinimumVisualStudioVersion = 10.0.40219.1
Project("{FAE04EC0-301F-11D3-BF4B-00C04F79EFBC}") = "SecondLab2", "SecondLab2\SecondLab2.csproj", "{E2C5C0A7-846A-48C2-89A0-3EA68E93D5A8}"
EndProject
Global
	GlobalSection(SolutionConfigurationPlatforms) = preSolution
		Debug|Any CPU = Debug|Any CPU
		Release|Any CPU = Release|Any CPU
	EndGlobalSection
	GlobalSection(ProjectConfigurationPlatforms) = postSolution
		{E2C5C0A7-846A-48C2-89A0-3EA68E93D5A8}.Debug|Any CPU.ActiveCfg = Debug|Any CPU
		{E2C5C0A7-846A-48C2-89A0-3EA68E93D5A8}.Debug|Any CPU.Build.0 = Debug|Any CPU
		{E2C5C0A7-846A-48C2-89A0-3EA68E93D5A8}.Release|Any CPU.ActiveCfg = Release|Any CPU
		{E2C5C0A7-846A-48C2-89A0-3EA68E93D5A8}.Release|Any CPU.Build.0 = Release|Any CPU
	EndGlobalSection
	GlobalSection(SolutionProperties) = preSolution
		HideSolutionNode = FALSE
	EndGlobalSection
	GlobalSection(ExtensibilityGlobals) = postSolution
		SolutionGuid = {19DA13AF-B0E3-4D98-A0C6-C4998723B88F}
	EndGlobalSection
EndGlobal
